
Microsoft Visual Studio Solution File, Format Version 12.00
# Visual Studio Version 17
VisualStudioVersion = 17.12.35527.113 d17.12
MinimumVisualStudioVersion = 10.0.40219.1
Project("{FAE04EC0-301F-11D3-BF4B-00C04F79EFBC}") = "Litemir_CourseWork", "Litemir_CourseWork.csproj", "{E1BD23D9-0425-4B8C-B156-4A7CA666D1AD}"
	ProjectSection(ProjectDependencies) = postProject
		{6283A3B1-45C2-4743-A04D-5D4D8448FF12} = {6283A3B1-45C2-4743-A04D-5D4D8448FF12}
	EndProjectSection
EndProject
Project("{FAE04EC0-301F-11D3-BF4B-00C04F79EFBC}") = "Litemir_CouseWork_DataBase_Postgres", "..\Litemir_CouseWork_DataBase_Postgres\Litemir_CouseWork_DataBase_Postgres.csproj", "{6283A3B1-45C2-4743-A04D-5D4D8448FF12}"
EndProject
Global
	GlobalSection(SolutionConfigurationPlatforms) = preSolution
		Debug|Any CPU = Debug|Any CPU
		Release|Any CPU = Release|Any CPU
	EndGlobalSection
	GlobalSection(ProjectConfigurationPlatforms) = postSolution
		{E1BD23D9-0425-4B8C-B156-4A7CA666D1AD}.Debug|Any CPU.ActiveCfg = Debug|Any CPU
		{E1BD23D9-0425-4B8C-B156-4A7CA666D1AD}.Debug|Any CPU.Build.0 = Debug|Any CPU
		{E1BD23D9-0425-4B8C-B156-4A7CA666D1AD}.Release|Any CPU.ActiveCfg = Release|Any CPU
		{E1BD23D9-0425-4B8C-B156-4A7CA666D1AD}.Release|Any CPU.Build.0 = Release|Any CPU
		{6283A3B1-45C2-4743-A04D-5D4D8448FF12}.Debug|Any CPU.ActiveCfg = Debug|Any CPU
		{6283A3B1-45C2-4743-A04D-5D4D8448FF12}.Debug|Any CPU.Build.0 = Debug|Any CPU
		{6283A3B1-45C2-4743-A04D-5D4D8448FF12}.Release|Any CPU.ActiveCfg = Release|Any CPU
		{6283A3B1-45C2-4743-A04D-5D4D8448FF12}.Release|Any CPU.Build.0 = Release|Any CPU
	EndGlobalSection
	GlobalSection(SolutionProperties) = preSolution
		HideSolutionNode = FALSE
	EndGlobalSection
EndGlobal
